
Microsoft Visual Studio Solution File, Format Version 12.00
# Visual Studio Version 17
VisualStudioVersion = 17.0.32014.148
MinimumVisualStudioVersion = 10.0.40219.1
Project("{FAE04EC0-301F-11D3-BF4B-00C04F79EFBC}") = "ExerciciosPAG18", "ExerciciosPAG18\ExerciciosPAG18.csproj", "{C23323FA-424F-46B7-B34C-5CEB5214FCC1}"
EndProject
Global
	GlobalSection(SolutionConfigurationPlatforms) = preSolution
		Debug|Any CPU = Debug|Any CPU
		Release|Any CPU = Release|Any CPU
	EndGlobalSection
	GlobalSection(ProjectConfigurationPlatforms) = postSolution
		{C23323FA-424F-46B7-B34C-5CEB5214FCC1}.Debug|Any CPU.ActiveCfg = Debug|Any CPU
		{C23323FA-424F-46B7-B34C-5CEB5214FCC1}.Debug|Any CPU.Build.0 = Debug|Any CPU
		{C23323FA-424F-46B7-B34C-5CEB5214FCC1}.Release|Any CPU.ActiveCfg = Release|Any CPU
		{C23323FA-424F-46B7-B34C-5CEB5214FCC1}.Release|Any CPU.Build.0 = Release|Any CPU
	EndGlobalSection
	GlobalSection(SolutionProperties) = preSolution
		HideSolutionNode = FALSE
	EndGlobalSection
	GlobalSection(ExtensibilityGlobals) = postSolution
		SolutionGuid = {4C174E10-7D83-45CC-AD6E-E08FD5DCCEFD}
	EndGlobalSection
EndGlobal
