
Microsoft Visual Studio Solution File, Format Version 12.00
# Visual Studio Version 17
VisualStudioVersion = 17.0.32014.148
MinimumVisualStudioVersion = 10.0.40219.1
Project("{FAE04EC0-301F-11D3-BF4B-00C04F79EFBC}") = "AulaExemplo", "AulaExemplo\AulaExemplo.csproj", "{0AF73A9D-C133-4DB7-ADCF-286AFC278CC5}"
EndProject
Global
	GlobalSection(SolutionConfigurationPlatforms) = preSolution
		Debug|Any CPU = Debug|Any CPU
		Release|Any CPU = Release|Any CPU
	EndGlobalSection
	GlobalSection(ProjectConfigurationPlatforms) = postSolution
		{0AF73A9D-C133-4DB7-ADCF-286AFC278CC5}.Debug|Any CPU.ActiveCfg = Debug|Any CPU
		{0AF73A9D-C133-4DB7-ADCF-286AFC278CC5}.Debug|Any CPU.Build.0 = Debug|Any CPU
		{0AF73A9D-C133-4DB7-ADCF-286AFC278CC5}.Release|Any CPU.ActiveCfg = Release|Any CPU
		{0AF73A9D-C133-4DB7-ADCF-286AFC278CC5}.Release|Any CPU.Build.0 = Release|Any CPU
	EndGlobalSection
	GlobalSection(SolutionProperties) = preSolution
		HideSolutionNode = FALSE
	EndGlobalSection
	GlobalSection(ExtensibilityGlobals) = postSolution
		SolutionGuid = {7C6B6118-9FE7-4C92-AA6B-5BB19451E2F0}
	EndGlobalSection
EndGlobal
