
Microsoft Visual Studio Solution File, Format Version 12.00
# Visual Studio Version 17
VisualStudioVersion = 17.4.33213.308
MinimumVisualStudioVersion = 10.0.40219.1
Project("{FAE04EC0-301F-11D3-BF4B-00C04F79EFBC}") = "Exercicio1_pag11", "Exercicio1_pag11\Exercicio1_pag11.csproj", "{6953432C-8AA0-4725-927F-BD036A4AA9CB}"
EndProject
Global
	GlobalSection(SolutionConfigurationPlatforms) = preSolution
		Debug|Any CPU = Debug|Any CPU
		Release|Any CPU = Release|Any CPU
	EndGlobalSection
	GlobalSection(ProjectConfigurationPlatforms) = postSolution
		{6953432C-8AA0-4725-927F-BD036A4AA9CB}.Debug|Any CPU.ActiveCfg = Debug|Any CPU
		{6953432C-8AA0-4725-927F-BD036A4AA9CB}.Debug|Any CPU.Build.0 = Debug|Any CPU
		{6953432C-8AA0-4725-927F-BD036A4AA9CB}.Release|Any CPU.ActiveCfg = Release|Any CPU
		{6953432C-8AA0-4725-927F-BD036A4AA9CB}.Release|Any CPU.Build.0 = Release|Any CPU
	EndGlobalSection
	GlobalSection(SolutionProperties) = preSolution
		HideSolutionNode = FALSE
	EndGlobalSection
	GlobalSection(ExtensibilityGlobals) = postSolution
		SolutionGuid = {BCF80AB5-EB83-43AF-87B3-E56B84E443D4}
	EndGlobalSection
EndGlobal
